
Microsoft Visual Studio Solution File, Format Version 12.00
# Visual Studio Version 16
VisualStudioVersion = 16.0.29613.14
MinimumVisualStudioVersion = 10.0.40219.1
Project("{FAE04EC0-301F-11D3-BF4B-00C04F79EFBC}") = "TestSolutionVS2019", "TestSolutionVS2019\TestSolutionVS2019.csproj", "{2768E7C7-98A7-40EE-82A6-94D5B7A212D9}"
EndProject
Project("{FAE04EC0-301F-11D3-BF4B-00C04F79EFBC}") = "RazorClassLibrary1", "RazorClassLibrary1\RazorClassLibrary1.csproj", "{1417141C-988F-46BE-8706-A4FF317D58C7}"
EndProject
Project("{FAE04EC0-301F-11D3-BF4B-00C04F79EFBC}") = "ClassLibrary1", "ClassLibrary1\ClassLibrary1.csproj", "{CF3E6818-70B0-4313-85AD-3214EF986D94}"
EndProject
Global
	GlobalSection(SolutionConfigurationPlatforms) = preSolution
		Debug|Any CPU = Debug|Any CPU
		Release|Any CPU = Release|Any CPU
	EndGlobalSection
	GlobalSection(ProjectConfigurationPlatforms) = postSolution
		{2768E7C7-98A7-40EE-82A6-94D5B7A212D9}.Debug|Any CPU.ActiveCfg = Debug|Any CPU
		{2768E7C7-98A7-40EE-82A6-94D5B7A212D9}.Debug|Any CPU.Build.0 = Debug|Any CPU
		{2768E7C7-98A7-40EE-82A6-94D5B7A212D9}.Release|Any CPU.ActiveCfg = Release|Any CPU
		{2768E7C7-98A7-40EE-82A6-94D5B7A212D9}.Release|Any CPU.Build.0 = Release|Any CPU
		{1417141C-988F-46BE-8706-A4FF317D58C7}.Debug|Any CPU.ActiveCfg = Debug|Any CPU
		{1417141C-988F-46BE-8706-A4FF317D58C7}.Debug|Any CPU.Build.0 = Debug|Any CPU
		{1417141C-988F-46BE-8706-A4FF317D58C7}.Release|Any CPU.ActiveCfg = Release|Any CPU
		{1417141C-988F-46BE-8706-A4FF317D58C7}.Release|Any CPU.Build.0 = Release|Any CPU
		{CF3E6818-70B0-4313-85AD-3214EF986D94}.Debug|Any CPU.ActiveCfg = Debug|Any CPU
		{CF3E6818-70B0-4313-85AD-3214EF986D94}.Debug|Any CPU.Build.0 = Debug|Any CPU
		{CF3E6818-70B0-4313-85AD-3214EF986D94}.Release|Any CPU.ActiveCfg = Release|Any CPU
		{CF3E6818-70B0-4313-85AD-3214EF986D94}.Release|Any CPU.Build.0 = Release|Any CPU
	EndGlobalSection
	GlobalSection(SolutionProperties) = preSolution
		HideSolutionNode = FALSE
	EndGlobalSection
	GlobalSection(ExtensibilityGlobals) = postSolution
		SolutionGuid = {BDB6C05E-8C6F-4BA2-BE9D-78BD4F03AACE}
	EndGlobalSection
EndGlobal
